# This file is autogenerated, do not edit; changes may be undone by the next 'dep ensure'.


[[projects]]
  digest = "1:a8bc08e25d94bdcbf8ea54ee8e4b2a00a8c3b6957501b4fdb1a6d303e5292f6d"
  name = "github.com/Knetic/govaluate"
  packages = ["."]
  pruneopts = "NUT"
  revision = "d216395917cc49052c7c7094cf57f09657ca08a8"
  version = "v3.0.0"

[[projects]]
  digest = "1:3fe593188f51fcaa6c6ef264b108b58d23a07c7cfd77e61d18a41aec216b43b1"
  name = "github.com/OGKevin/xorm-adapter"
  packages = ["."]
  pruneopts = "NUT"
  revision = "726a539dd71d04906fe0b87dd1ae7eae8bac429a"

[[projects]]
  digest = "1:0a111edd8693fd977f42a0c4f199a0efb13c20aec9da99ad8830c7bb6a87e8d6"
  name = "github.com/PuerkitoBio/purell"
  packages = ["."]
  pruneopts = "NUT"
  revision = "44968752391892e1b0d0b821ee79e9a85fa13049"
  version = "v1.1.1"

[[projects]]
  branch = "master"
  digest = "1:8098cd40cd09879efbf12e33bcd51ead4a66006ac802cd563a66c4f3373b9727"
  name = "github.com/PuerkitoBio/urlesc"
  packages = ["."]
  pruneopts = "NUT"
  revision = "de5bf2ad457846296e2031421a34e2568e304e35"

[[projects]]
  branch = "master"
  digest = "1:f3793f8a708522400cef1dba23385e901aede5519f68971fd69938ef330b07a1"
  name = "github.com/alecthomas/template"
  packages = [
    ".",
    "parse",
  ]
  pruneopts = "NUT"
  revision = "a0175ee3bccc567396460bf5acd36800cb10c49c"

[[projects]]
  digest = "1:5a23cd3a5496a0b2da7e3b348d14e77b11a210738c398200d7d6f04ea8cf3bd8"
  name = "github.com/asaskevich/govalidator"
  packages = ["."]
  pruneopts = "NUT"
  revision = "ccb8e960c48f04d6935e72476ae4a51028f9e22f"
  version = "v9"

[[projects]]
  digest = "1:5234f50783a80b89c3044fcb5a5ca224774902540102f7e9d5e1165b1e0d513a"
  name = "github.com/casbin/casbin"
  packages = [
    ".",
    "config",
    "effect",
    "log",
    "model",
    "persist",
    "persist/file-adapter",
    "rbac",
    "rbac/default-role-manager",
    "util",
  ]
  pruneopts = "NUT"
  revision = "4aa316fb68d44d4cc5ddd98d7e9ec80bc0a8b081"
  version = "v1.8.1"

[[projects]]
  branch = "master"
  digest = "1:0241bf9e6fbd0a2cf727a2d1bdbb5fa1ed3f6073349b40f014feb642525cced4"
  name = "github.com/casbin/xorm-adapter"
  packages = ["."]
  pruneopts = "NUT"
  revision = "e40cbd17d53fd7a5cee646cc1083631432bce8ee"

[[projects]]
  digest = "1:ffe9824d294da03b391f44e1ae8281281b4afc1bdaa9588c9097785e3af10cec"
  name = "github.com/davecgh/go-spew"
  packages = ["spew"]
  pruneopts = "NUT"
  revision = "8991bc29aa16c548c550c7ff78260e27b9ab7c73"
  version = "v1.1.1"

[[projects]]
  digest = "1:7a6852b35eb5bbc184561443762d225116ae630c26a7c4d90546619f1e7d2ad2"
  name = "github.com/dgrijalva/jwt-go"
  packages = ["."]
  pruneopts = "NUT"
  revision = "06ea1031745cb8b3dab3f6a236daf2b0aa468b7e"
  version = "v3.2.0"

[[projects]]
  digest = "1:fa45c6acaca42106cac696f71173638a1cdd7e714617a35e96d42f6b66694050"
  name = "github.com/francoispqt/gojay"
  packages = ["."]
  pruneopts = "NUT"
  revision = "90d953358b68936b4791b8db205b3a5918b1b7a5"
  version = "1.2.8"

[[projects]]
  digest = "1:e314993806c7b43f0d7c0abaedde500aa4de3010407a62a282e30748bac8df0b"
  name = "github.com/go-chi/chi"
  packages = [
    ".",
    "middleware",
  ]
  pruneopts = "NUT"
  revision = "da24bba8dcd4021cafac38724bf10dccc97c3e36"
  version = "v4.0.2"

[[projects]]
  digest = "1:4d84bf04312da80591f93e0d18bfd93f30511ad78038d50aafd83acd3e650938"
  name = "github.com/go-chi/docgen"
  packages = ["."]
  pruneopts = "NUT"
  revision = "c94a1e40c06f53a447a809bad19c5f3c4047acc5"
  version = "v1.0.5"

[[projects]]
  digest = "1:3e74d56538fe7967f427a5a6b990c24f5a0332699233cd02c045dc29f65909cc"
  name = "github.com/go-chi/jwtauth"
  packages = ["."]
  pruneopts = "NUT"
  revision = "47840abb19b36dcf4d3ab4123b605b28ea511bc8"
  version = "v4.0.2"

[[projects]]
  digest = "1:260f7ebefc63024c8dfe2c9f1a2935a89fa4213637a1f522f592f80c001cc441"
  name = "github.com/go-openapi/jsonpointer"
  packages = ["."]
  pruneopts = "NUT"
  revision = "ef5f0afec364d3b9396b7b77b43dbe26bf1f8004"
  version = "v0.18.0"

[[projects]]
  digest = "1:98abd61947ff5c7c6fcfec5473d02a4821ed3a2dd99a4fbfdb7925b0dd745546"
  name = "github.com/go-openapi/jsonreference"
  packages = ["."]
  pruneopts = "NUT"
  revision = "8483a886a90412cd6858df4ea3483dce9c8e35a3"
  version = "v0.18.0"

[[projects]]
  digest = "1:4da4ea0a664ba528965683d350f602d0f11464e6bb2e17aad0914723bc25d163"
  name = "github.com/go-openapi/spec"
  packages = ["."]
  pruneopts = "NUT"
  revision = "5b6cdde3200976e3ecceb2868706ee39b6aff3e4"
  version = "v0.18.0"

[[projects]]
  digest = "1:dc0f590770e5a6c70ea086232324f7b7dc4857c60eca63ab8ff78e0a5cfcdbf3"
  name = "github.com/go-openapi/swag"
  packages = ["."]
  pruneopts = "NUT"
  revision = "1d29f06aebd59ccdf11ae04aa0334ded96e2d909"
  version = "v0.18.0"

[[projects]]
  digest = "1:13e9a236e56e18fecb73f5b2f2eb7f60060a1a9bc27e5a7328ab22e275ecb63e"
  name = "github.com/go-sql-driver/mysql"
  packages = ["."]
  pruneopts = "NUT"
  revision = "72cd26f257d44c1114970e19afddcd812016007e"
  version = "v1.4.1"

[[projects]]
  digest = "1:06d21295033f211588d0ad7ff391cc1b27e72b60cb6d4b7db0d70cffae4cf228"
  name = "github.com/go-xorm/builder"
  packages = ["."]
  pruneopts = "NUT"
  revision = "1d658d7596c25394aab557ef5b50ef35bf706384"
  version = "v0.3.4"

[[projects]]
  digest = "1:b26928aab0fff92592e8728c5bc9d6e404fa2017d6a8e841ae5e60a42237f6fc"
  name = "github.com/go-xorm/core"
  packages = ["."]
  pruneopts = "NUT"
  revision = "ccc80c1adf1f6172bbc548877f50a1163041a40a"
  version = "v0.6.2"

[[projects]]
  digest = "1:407316703b32d68ccf5d39bdae57d411b6954e253e07d0fff0988a3f39861f2f"
  name = "github.com/go-xorm/xorm"
  packages = ["."]
  pruneopts = "NUT"
  revision = "1f39c590c64924f358c0d89016ac9b2bb84e9125"
  version = "v0.7.1"

[[projects]]
  digest = "1:0c11e987235e8f37af4e9f24cca02754827d009e8b66cf24483b0006504f6045"
  name = "github.com/jmoiron/sqlx"
  packages = [
    ".",
    "reflectx",
  ]
  pruneopts = "NUT"
  revision = "d161d7a76b5661016ad0b085869f77fd410f3e6a"
  version = "v1.2.0"

[[projects]]
  digest = "1:da62aa6632d04e080b8a8b85a59ed9ed1550842a0099a55f3ae3a20d02a3745a"
  name = "github.com/joho/godotenv"
  packages = ["."]
  pruneopts = "NUT"
  revision = "23d116af351c84513e1946b527c88823e476be13"
  version = "v1.3.0"

[[projects]]
  digest = "1:58999a98719fddbac6303cb17e8d85b945f60b72f48e3a2df6b950b97fa926f1"
  name = "github.com/konsorten/go-windows-terminal-sequences"
  packages = ["."]
  pruneopts = "NUT"
  revision = "f55edac94c9bbba5d6182a4be46d86a2c9b5b50e"
  version = "v1.0.2"

[[projects]]
  digest = "1:4d5fa9f49e5bf3d55c16ff562af9e3231f9ac5ccf495927fd0555f4607c15475"
  name = "github.com/lib/pq"
  packages = [
    ".",
    "oid",
  ]
  pruneopts = "NUT"
  revision = "4ded0e9383f75c197b3a2aaa6d590ac52df6fd79"
  version = "v1.0.0"

[[projects]]
  branch = "master"
  digest = "1:84a5a2b67486d5d67060ac393aa255d05d24ed5ee41daecd5635ec22657b6492"
  name = "github.com/mailru/easyjson"
  packages = [
    "buffer",
    "jlexer",
    "jwriter",
  ]
  pruneopts = "NUT"
  revision = "6243d8e04c3f819e79757e8bc3faa15c3cb27003"

[[projects]]
  digest = "1:c9724c929d27a14475a45b17a267dbc60671c0bc2c5c05ed21f011f7b5bc9fb5"
  name = "github.com/mattn/go-sqlite3"
  packages = ["."]
  pruneopts = "NUT"
  revision = "c7c4067b79cc51e6dfdcef5c702e74b1e0fa7c75"
  version = "v1.10.0"

[[projects]]
  digest = "1:14715f705ff5dfe0ffd6571d7d201dd8e921030f8070321a79380d8ca4ec1a24"
  name = "github.com/pkg/errors"
  packages = ["."]
  pruneopts = "NUT"
  revision = "ba968bfe8b2f7e042a574c888954fccecfa385b4"
  version = "v0.8.1"

[[projects]]
  digest = "1:0028cb19b2e4c3112225cd871870f2d9cf49b9b4276531f03438a88e94be86fe"
  name = "github.com/pmezard/go-difflib"
  packages = ["difflib"]
  pruneopts = "NUT"
  revision = "792786c7400a136282c1664665ae0a8db921c6c2"
  version = "v1.0.0"

[[projects]]
  digest = "1:030ea509a714479a1ad2c3d0f01234465734e21a7634899e2bda94ca19e7692f"
  name = "github.com/pressly/goose"
  packages = ["."]
  pruneopts = "NUT"
  revision = "7a98874933001af28951c83e958b1db750f39f8d"
  version = "v2.4.5"

[[projects]]
  digest = "1:6bc0652ea6e39e22ccd522458b8bdd8665bf23bdc5a20eec90056e4dc7e273ca"
  name = "github.com/satori/go.uuid"
  packages = ["."]
  pruneopts = "NUT"
  revision = "f58768cc1a7a7e77a3bd49e98cdd21419399b6a3"
  version = "v1.2.0"

[[projects]]
  digest = "1:e256b859ab89f005f2f639f5ed9807d0873d9135e27c6382f419b840ff9abe71"
  name = "github.com/sirupsen/logrus"
  packages = ["."]
  pruneopts = "NUT"
  revision = "e1e72e9de974bd926e5c56f83753fba2df402ce5"
  version = "v1.3.0"

[[projects]]
  digest = "1:42e8c2456d7ec0f31e182c20022e74324c4da2cb3bd9069ff9b131fe33466308"
  name = "github.com/stretchr/testify"
  packages = ["assert"]
  pruneopts = "NUT"
  revision = "ffdc059bfe9ce6a4e144ba849dbedead332c6053"
  version = "v1.3.0"

[[projects]]
  branch = "master"
  digest = "1:1caa7bfee317bc13535df1b5bbda6c234178b5ab74d1b17debfe37d15c4bab5e"
  name = "github.com/swaggo/files"
  packages = ["."]
  pruneopts = "NUT"
  revision = "30649e0721f8182c54490d5f74ef0e03f8b50e4e"

[[projects]]
  branch = "master"
  digest = "1:22640f300861aa85a31801a9f3b2e4f07aeadbca579c254f868dde39e0b6d018"
  name = "github.com/swaggo/http-swagger"
  packages = ["."]
  pruneopts = "NUT"
  revision = "d2bf002bf65b31fc7f152b174c07a6bce5e0a50f"

[[projects]]
  digest = "1:44092510fc39d13e3e057bd962b28b72767d25ffa5c7fd717d3274b97591b82b"
  name = "github.com/swaggo/swag"
  packages = ["."]
  pruneopts = "NUT"
  revision = "d95e114626732976ed73a165365089d6e21986cc"
  version = "v1.4.1"

[[projects]]
  branch = "master"
  digest = "1:0c75a1e88c2b1e0361102c133f2690fd1fd5ab5da829f60a9c2dd20b9c224c71"
  name = "golang.org/x/crypto"
  packages = [
    "bcrypt",
    "blowfish",
    "ssh/terminal",
  ]
  pruneopts = "NUT"
  revision = "8dd112bcdc25174059e45e07517d9fc663123347"

[[projects]]
  branch = "master"
  digest = "1:0faaf64e4317458af2b4b2c72f6ec6e2588780e3d435a12820a8d9b827d4f342"
  name = "golang.org/x/net"
  packages = [
    "context",
    "idna",
    "webdav",
    "webdav/internal/xml",
  ]
  pruneopts = "NUT"
  revision = "16b79f2e4e95ea23b2bf9903c9809ff7b013ce85"

[[projects]]
  branch = "master"
  digest = "1:8281d174b923a6e7db74f11083659a97641961e94d3ff74b4d460a3faefead64"
  name = "golang.org/x/sys"
  packages = [
    "unix",
    "windows",
  ]
  pruneopts = "NUT"
  revision = "e844e0132e93db857c984c24fd4fc86815e43be3"

[[projects]]
  digest = "1:e33513a825fcd765e97b5de639a2f7547542d1a8245df0cef18e1fd390b778a9"
  name = "golang.org/x/text"
  packages = [
    "collate",
    "collate/build",
    "internal/colltab",
    "internal/gen",
    "internal/tag",
    "internal/triegen",
    "internal/ucd",
    "language",
    "secure/bidirule",
    "transform",
    "unicode/bidi",
    "unicode/cldr",
    "unicode/norm",
    "unicode/rangetable",
    "width",
  ]
  pruneopts = "NUT"
  revision = "f21a4dfb5e38f5895301dc265a8def02365cc3d0"
  version = "v0.3.0"

[[projects]]
  branch = "master"
  digest = "1:a99b52ff45e7b215b683682e89a52f6598869684a8917d0a7f8136cb16eab553"
  name = "golang.org/x/tools"
  packages = [
    "go/ast/astutil",
    "go/buildutil",
    "go/internal/cgo",
    "go/loader",
  ]
  pruneopts = "NUT"
  revision = "00c44ba9c14f88ffdd4fb5bfae57fe8dd6d6afb1"

[[projects]]
  digest = "1:c25289f43ac4a68d88b02245742347c94f1e108c534dda442188015ff80669b3"
  name = "google.golang.org/appengine"
  packages = ["cloudsql"]
  pruneopts = "NUT"
  revision = "e9657d882bb81064595ca3b56cbe2546bbabf7b1"
  version = "v1.4.0"

[[projects]]
  digest = "1:18108594151654e9e696b27b181b953f9a90b16bf14d253dd1b397b025a1487f"
  name = "gopkg.in/yaml.v2"
  packages = ["."]
  pruneopts = "NUT"
  revision = "51d6538a90f86fe93ac480b35f37b2be17fef232"
  version = "v2.2.2"

[solve-meta]
  analyzer-name = "dep"
  analyzer-version = 1
  input-imports = [
    "github.com/OGKevin/xorm-adapter",
    "github.com/alecthomas/template",
    "github.com/asaskevich/govalidator",
    "github.com/casbin/casbin",
    "github.com/casbin/casbin/persist",
    "github.com/casbin/xorm-adapter",
    "github.com/dgrijalva/jwt-go",
    "github.com/francoispqt/gojay",
    "github.com/go-chi/chi",
    "github.com/go-chi/chi/middleware",
    "github.com/go-chi/docgen",
    "github.com/go-chi/jwtauth",
    "github.com/go-sql-driver/mysql",
    "github.com/jmoiron/sqlx",
    "github.com/joho/godotenv",
    "github.com/mattn/go-sqlite3",
    "github.com/pkg/errors",
    "github.com/pressly/goose",
    "github.com/satori/go.uuid",
    "github.com/sirupsen/logrus",
    "github.com/stretchr/testify/assert",
    "github.com/swaggo/http-swagger",
    "github.com/swaggo/swag",
    "golang.org/x/crypto/bcrypt",
  ]
  solver-name = "gps-cdcl"
  solver-version = 1
